// !$*UTF8*$!
{
	archiveVersion = 1;
	classes = {
	};
	objectVersion = 77;
	objects = {

/* Begin PBXContainerItemProxy section */
		08DCA53E2EEDDFC400AF8D93 /* PBXContainerItemProxy */ = {
			isa = PBXContainerItemProxy;
			containerPortal = 08DCA5262EEDDFC300AF8D93 /* Project object */;
			proxyType = 1;
			remoteGlobalIDString = 08DCA52D2EEDDFC300AF8D93;
			remoteInfo = qlone;
		};
		08DCA5482EEDDFC400AF8D93 /* PBXContainerItemProxy */ = {
			isa = PBXContainerItemProxy;
			containerPortal = 08DCA5262EEDDFC300AF8D93 /* Project object */;
			proxyType = 1;
			remoteGlobalIDString = 08DCA52D2EEDDFC300AF8D93;
			remoteInfo = qlone;
		};
/* End PBXContainerItemProxy section */

/* Begin PBXFileReference section */
		08DCA52E2EEDDFC300AF8D93 /* qlone.app */ = {isa = PBXFileReference; explicitFileType = wrapper.application; includeInIndex = 0; path = qlone.app; sourceTree = BUILT_PRODUCTS_DIR; };
		08DCA53D2EEDDFC400AF8D93 /* qloneTests.xctest */ = {isa = PBXFileReference; explicitFileType = wrapper.cfbundle; includeInIndex = 0; path = qloneTests.xctest; sourceTree = BUILT_PRODUCTS_DIR; };
		08DCA5472EEDDFC400AF8D93 /* qloneUITests.xctest */ = {isa = PBXFileReference; explicitFileType = wrapper.cfbundle; includeInIndex = 0; path = qloneUITests.xctest; sourceTree = BUILT_PRODUCTS_DIR; };
/* End PBXFileReference section */

/* Begin PBXFileSystemSynchronizedBuildFileExceptionSet section */
		08B77ACA2EF88419001344E3 /* Exceptions for "qlone" folder in "qlone" target */ = {
			isa = PBXFileSystemSynchronizedBuildFileExceptionSet;
			membershipExceptions = (
				Info.plist,
			);
			target = 08DCA52D2EEDDFC300AF8D93 /* qlone */;
		};
/* End PBXFileSystemSynchronizedBuildFileExceptionSet section */

/* Begin PBXFileSystemSynchronizedRootGroup section */
		08DCA5302EEDDFC300AF8D93 /* qlone */ = {
			isa = PBXFileSystemSynchronizedRootGroup;
			exceptions = (
				08B77ACA2EF88419001344E3 /* Exceptions for "qlone" folder in "qlone" target */,
			);
			path = qlone;
			sourceTree = "<group>";
		};
		08DCA5402EEDDFC400AF8D93 /* qloneTests */ = {
			isa = PBXFileSystemSynchronizedRootGroup;
			path = qloneTests;
			sourceTree = "<group>";
		};
		08DCA54A2EEDDFC400AF8D93 /* qloneUITests */ = {
			isa = PBXFileSystemSynchronizedRootGroup;
			path = qloneUITests;
			sourceTree = "<group>";
		};
/* End PBXFileSystemSynchronizedRootGroup section */

/* Begin PBXFrameworksBuildPhase section */
		08DCA52B2EEDDFC300AF8D93 /* Frameworks */ = {
			isa = PBXFrameworksBuildPhase;
			buildActionMask = 2147483647;
			files = (
			);
			runOnlyForDeploymentPostprocessing = 0;
		};
		08DCA53A2EEDDFC400AF8D93 /* Frameworks */ = {
			isa = PBXFrameworksBuildPhase;
			buildActionMask = 2147483647;
			files = (
			);
			runOnlyForDeploymentPostprocessing = 0;
		};
		08DCA5442EEDDFC400AF8D93 /* Frameworks */ = {
			isa = PBXFrameworksBuildPhase;
			buildActionMask = 2147483647;
			files = (
			);
			runOnlyForDeploymentPostprocessing = 0;
		};
/* End PBXFrameworksBuildPhase section */

/* Begin PBXGroup section */
		08DCA5252EEDDFC300AF8D93 = {
			isa = PBXGroup;
			children = (
				08DCA5302EEDDFC300AF8D93 /* qlone */,
				08DCA5402EEDDFC400AF8D93 /* qloneTests */,
				08DCA54A2EEDDFC400AF8D93 /* qloneUITests */,
				08DCA52F2EEDDFC300AF8D93 /* Products */,
			);
			sourceTree = "<group>";
		};
		08DCA52F2EEDDFC300AF8D93 /* Products */ = {
			isa = PBXGroup;
			children = (
				08DCA52E2EEDDFC300AF8D93 /* qlone.app */,
				08DCA53D2EEDDFC400AF8D93 /* qloneTests.xctest */,
				08DCA5472EEDDFC400AF8D93 /* qloneUITests.xctest */,
			);
			name = Products;
			sourceTree = "<group>";
		};
/* End PBXGroup section */

/* Begin PBXNativeTarget section */
		08DCA52D2EEDDFC300AF8D93 /* qlone */ = {
			isa = PBXNativeTarget;
			buildConfigurationList = 08DCA5512EEDDFC400AF8D93 /* Build configuration list for PBXNativeTarget "qlone" */;
			buildPhases = (
				08DCA52A2EEDDFC300AF8D93 /* Sources */,
				08DCA52B2EEDDFC300AF8D93 /* Frameworks */,
				08DCA52C2EEDDFC300AF8D93 /* Resources */,
			);
			buildRules = (
			);
			dependencies = (
			);
			fileSystemSynchronizedGroups = (
				08DCA5302EEDDFC300AF8D93 /* qlone */,
			);
			name = qlone;
			packageProductDependencies = (
			);
			productName = qlone;
			productReference = 08DCA52E2EEDDFC300AF8D93 /* qlone.app */;
			productType = "com.apple.product-type.application";
		};
		08DCA53C2EEDDFC400AF8D93 /* qloneTests */ = {
			isa = PBXNativeTarget;
			buildConfigurationList = 08DCA5542EEDDFC400AF8D93 /* Build configuration list for PBXNativeTarget "qloneTests" */;
			buildPhases = (
				08DCA5392EEDDFC400AF8D93 /* Sources */,
				08DCA53A2EEDDFC400AF8D93 /* Frameworks */,
				08DCA53B2EEDDFC400AF8D93 /* Resources */,
			);
			buildRules = (
			);
			dependencies = (
				08DCA53F2EEDDFC400AF8D93 /* PBXTargetDependency */,
			);
			fileSystemSynchronizedGroups = (
				08DCA5402EEDDFC400AF8D93 /* qloneTests */,
			);
			name = qloneTests;
			packageProductDependencies = (
			);
			productName = qloneTests;
			productReference = 08DCA53D2EEDDFC400AF8D93 /* qloneTests.xctest */;
			productType = "com.apple.product-type.bundle.unit-test";
		};
		08DCA5462EEDDFC400AF8D93 /* qloneUITests */ = {
			isa = PBXNativeTarget;
			buildConfigurationList = 08DCA5572EEDDFC400AF8D93 /* Build configuration list for PBXNativeTarget "qloneUITests" */;
			buildPhases = (
				08DCA5432EEDDFC400AF8D93 /* Sources */,
				08DCA5442EEDDFC400AF8D93 /* Frameworks */,
				08DCA5452EEDDFC400AF8D93 /* Resources */,
			);
			buildRules = (
			);
			dependencies = (
				08DCA5492EEDDFC400AF8D93 /* PBXTargetDependency */,
			);
			fileSystemSynchronizedGroups = (
				08DCA54A2EEDDFC400AF8D93 /* qloneUITests */,
			);
			name = qloneUITests;
			packageProductDependencies = (
			);
			productName = qloneUITests;
			productReference = 08DCA5472EEDDFC400AF8D93 /* qloneUITests.xctest */;
			productType = "com.apple.product-type.bundle.ui-testing";
		};
/* End PBXNativeTarget section */

/* Begin PBXProject section */
		08DCA5262EEDDFC300AF8D93 /* Project object */ = {
			isa = PBXProject;
			attributes = {
				BuildIndependentTargetsInParallel = 1;
				LastSwiftUpdateCheck = 2620;
				LastUpgradeCheck = 2620;
				TargetAttributes = {
					08DCA52D2EEDDFC300AF8D93 = {
						CreatedOnToolsVersion = 26.2;
					};
					08DCA53C2EEDDFC400AF8D93 = {
						CreatedOnToolsVersion = 26.2;
						TestTargetID = 08DCA52D2EEDDFC300AF8D93;
					};
					08DCA5462EEDDFC400AF8D93 = {
						CreatedOnToolsVersion = 26.2;
						TestTargetID = 08DCA52D2EEDDFC300AF8D93;
					};
				};
			};
			buildConfigurationList = 08DCA5292EEDDFC300AF8D93 /* Build configuration list for PBXProject "qlone" */;
			developmentRegion = en;
			hasScannedForEncodings = 0;
			knownRegions = (
				en,
				Base,
			);
			mainGroup = 08DCA5252EEDDFC300AF8D93;
			minimizedProjectReferenceProxies = 1;
			preferredProjectObjectVersion = 77;
			productRefGroup = 08DCA52F2EEDDFC300AF8D93 /* Products */;
			projectDirPath = "";
			projectRoot = "";
			targets = (
				08DCA52D2EEDDFC300AF8D93 /* qlone */,
				08DCA53C2EEDDFC400AF8D93 /* qloneTests */,
				08DCA5462EEDDFC400AF8D93 /* qloneUITests */,
			);
		};
/* End PBXProject section */

/* Begin PBXResourcesBuildPhase section */
		08DCA52C2EEDDFC300AF8D93 /* Resources */ = {
			isa = PBXResourcesBuildPhase;
			buildActionMask = 2147483647;
			files = (
			);
			runOnlyForDeploymentPostprocessing = 0;
		};
		08DCA53B2EEDDFC400AF8D93 /* Resources */ = {
			isa = PBXResourcesBuildPhase;
			buildActionMask = 2147483647;
			files = (
			);
			runOnlyForDeploymentPostprocessing = 0;
		};
		08DCA5452EEDDFC400AF8D93 /* Resources */ = {
			isa = PBXResourcesBuildPhase;
			buildActionMask = 2147483647;
			files = (
			);
			runOnlyForDeploymentPostprocessing = 0;
		};
/* End PBXResourcesBuildPhase section */

/* Begin PBXSourcesBuildPhase section */
		08DCA52A2EEDDFC300AF8D93 /* Sources */ = {
			isa = PBXSourcesBuildPhase;
			buildActionMask = 2147483647;
			files = (
			);
			runOnlyForDeploymentPostprocessing = 0;
		};
		08DCA5392EEDDFC400AF8D93 /* Sources */ = {
			isa = PBXSourcesBuildPhase;
			buildActionMask = 2147483647;
			files = (
			);
			runOnlyForDeploymentPostprocessing = 0;
		};
		08DCA5432EEDDFC400AF8D93 /* Sources */ = {
			isa = PBXSourcesBuildPhase;
			buildActionMask = 2147483647;
			files = (
			);
			runOnlyForDeploymentPostprocessing = 0;
		};
/* End PBXSourcesBuildPhase section */

/* Begin PBXTargetDependency section */
		08DCA53F2EEDDFC400AF8D93 /* PBXTargetDependency */ = {
			isa = PBXTargetDependency;
			target = 08DCA52D2EEDDFC300AF8D93 /* qlone */;
			targetProxy = 08DCA53E2EEDDFC400AF8D93 /* PBXContainerItemProxy */;
		};
		08DCA5492EEDDFC400AF8D93 /* PBXTargetDependency */ = {
			isa = PBXTargetDependency;
			target = 08DCA52D2EEDDFC300AF8D93 /* qlone */;
			targetProxy = 08DCA5482EEDDFC400AF8D93 /* PBXContainerItemProxy */;
		};
/* End PBXTargetDependency section */

/* Begin XCBuildConfiguration section */
		08DCA54F2EEDDFC400AF8D93 /* Debug */ = {
			isa = XCBuildConfiguration;
			buildSettings = {
				ALWAYS_SEARCH_USER_PATHS = NO;
				ASSETCATALOG_COMPILER_GENERATE_SWIFT_ASSET_SYMBOL_EXTENSIONS = YES;
				CLANG_ANALYZER_NONNULL = YES;
				CLANG_ANALYZER_NUMBER_OBJECT_CONVERSION = YES_AGGRESSIVE;
				CLANG_CXX_LANGUAGE_STANDARD = "gnu++20";
				CLANG_ENABLE_MODULES = YES;
				CLANG_ENABLE_OBJC_ARC = YES;
				CLANG_ENABLE_OBJC_WEAK = YES;
				CLANG_WARN_BLOCK_CAPTURE_AUTORELEASING = YES;
				CLANG_WARN_BOOL_CONVERSION = YES;
				CLANG_WARN_COMMA = YES;
				CLANG_WARN_CONSTANT_CONVERSION = YES;
				CLANG_WARN_DEPRECATED_OBJC_IMPLEMENTATIONS = YES;
				CLANG_WARN_DIRECT_OBJC_ISA_USAGE = YES_ERROR;
				CLANG_WARN_DOCUMENTATION_COMMENTS = YES;
				CLANG_WARN_EMPTY_BODY = YES;
				CLANG_WARN_ENUM_CONVERSION = YES;
				CLANG_WARN_INFINITE_RECURSION = YES;
				CLANG_WARN_INT_CONVERSION = YES;
				CLANG_WARN_NON_LITERAL_NULL_CONVERSION = YES;
				CLANG_WARN_OBJC_IMPLICIT_RETAIN_SELF = YES;
				CLANG_WARN_OBJC_LITERAL_CONVERSION = YES;
				CLANG_WARN_OBJC_ROOT_CLASS = YES_ERROR;
				CLANG_WARN_QUOTED_INCLUDE_IN_FRAMEWORK_HEADER = YES;
				CLANG_WARN_RANGE_LOOP_ANALYSIS = YES;
				CLANG_WARN_STRICT_PROTOTYPES = YES;
				CLANG_WARN_SUSPICIOUS_MOVE = YES;
				CLANG_WARN_UNGUARDED_AVAILABILITY = YES_AGGRESSIVE;
				CLANG_WARN_UNREACHABLE_CODE = YES;
				CLANG_WARN__DUPLICATE_METHOD_MATCH = YES;
				COPY_PHASE_STRIP = NO;
				DEBUG_INFORMATION_FORMAT = dwarf;
				DEVELOPMENT_TEAM = YCW4KLKS5C;
				ENABLE_STRICT_OBJC_MSGSEND = YES;
				ENABLE_TESTABILITY = YES;
				ENABLE_USER_SCRIPT_SANDBOXING = YES;
				GCC_C_LANGUAGE_STANDARD = gnu17;
				GCC_DYNAMIC_NO_PIC = NO;
				GCC_NO_COMMON_BLOCKS = YES;
				GCC_OPTIMIZATION_LEVEL = 0;
				GCC_PREPROCESSOR_DEFINITIONS = (
					"DEBUG=1",
					"$(inherited)",
				);
				GCC_WARN_64_TO_32_BIT_CONVERSION = YES;
				GCC_WARN_ABOUT_RETURN_TYPE = YES_ERROR;
				GCC_WARN_UNDECLARED_SELECTOR = YES;
				GCC_WARN_UNINITIALIZED_AUTOS = YES_AGGRESSIVE;
				GCC_WARN_UNUSED_FUNCTION = YES;
				GCC_WARN_UNUSED_VARIABLE = YES;
				IPHONEOS_DEPLOYMENT_TARGET = 26.2;
				LOCALIZATION_PREFERS_STRING_CATALOGS = YES;
				MTL_ENABLE_DEBUG_INFO = INCLUDE_SOURCE;
				MTL_FAST_MATH = YES;
				ONLY_ACTIVE_ARCH = YES;
				SDKROOT = iphoneos;
				SWIFT_ACTIVE_COMPILATION_CONDITIONS = "DEBUG $(inherited)";
				SWIFT_OPTIMIZATION_LEVEL = "-Onone";
			};
			name = Debug;
		};
		08DCA5502EEDDFC400AF8D93 /* Release */ = {
			isa = XCBuildConfiguration;
			buildSettings = {
				ALWAYS_SEARCH_USER_PATHS = NO;
				ASSETCATALOG_COMPILER_GENERATE_SWIFT_ASSET_SYMBOL_EXTENSIONS = YES;
				CLANG_ANALYZER_NONNULL = YES;
				CLANG_ANALYZER_NUMBER_OBJECT_CONVERSION = YES_AGGRESSIVE;
				CLANG_CXX_LANGUAGE_STANDARD = "gnu++20";
				CLANG_ENABLE_MODULES = YES;
				CLANG_ENABLE_OBJC_ARC = YES;
				CLANG_ENABLE_OBJC_WEAK = YES;
				CLANG_WARN_BLOCK_CAPTURE_AUTORELEASING = YES;
				CLANG_WARN_BOOL_CONVERSION = YES;
				CLANG_WARN_COMMA = YES;
				CLANG_WARN_CONSTANT_CONVERSION = YES;
				CLANG_WARN_DEPRECATED_OBJC_IMPLEMENTATIONS = YES;
				CLANG_WARN_DIRECT_OBJC_ISA_USAGE = YES_ERROR;
				CLANG_WARN_DOCUMENTATION_COMMENTS = YES;
				CLANG_WARN_EMPTY_BODY = YES;
				CLANG_WARN_ENUM_CONVERSION = YES;
				CLANG_WARN_INFINITE_RECURSION = YES;
				CLANG_WARN_INT_CONVERSION = YES;
				CLANG_WARN_NON_LITERAL_NULL_CONVERSION = YES;
				CLANG_WARN_OBJC_IMPLICIT_RETAIN_SELF = YES;
				CLANG_WARN_OBJC_LITERAL_CONVERSION = YES;
				CLANG_WARN_OBJC_ROOT_CLASS = YES_ERROR;
				CLANG_WARN_QUOTED_INCLUDE_IN_FRAMEWORK_HEADER = YES;
				CLANG_WARN_RANGE_LOOP_ANALYSIS = YES;
				CLANG_WARN_STRICT_PROTOTYPES = YES;
				CLANG_WARN_SUSPICIOUS_MOVE = YES;
				CLANG_WARN_UNGUARDED_AVAILABILITY = YES_AGGRESSIVE;
				CLANG_WARN_UNREACHABLE_CODE = YES;
				CLANG_WARN__DUPLICATE_METHOD_MATCH = YES;
				COPY_PHASE_STRIP = NO;
				DEBUG_INFORMATION_FORMAT = "dwarf-with-dsym";
				DEVELOPMENT_TEAM = YCW4KLKS5C;
				ENABLE_NS_ASSERTIONS = NO;
				ENABLE_STRICT_OBJC_MSGSEND = YES;
				ENABLE_USER_SCRIPT_SANDBOXING = YES;
				GCC_C_LANGUAGE_STANDARD = gnu17;
				GCC_NO_COMMON_BLOCKS = YES;
				GCC_WARN_64_TO_32_BIT_CONVERSION = YES;
				GCC_WARN_ABOUT_RETURN_TYPE = YES_ERROR;
				GCC_WARN_UNDECLARED_SELECTOR = YES;
				GCC_WARN_UNINITIALIZED_AUTOS = YES_AGGRESSIVE;
				GCC_WARN_UNUSED_FUNCTION = YES;
				GCC_WARN_UNUSED_VARIABLE = YES;
				IPHONEOS_DEPLOYMENT_TARGET = 26.2;
				LOCALIZATION_PREFERS_STRING_CATALOGS = YES;
				MTL_ENABLE_DEBUG_INFO = NO;
				MTL_FAST_MATH = YES;
				SDKROOT = iphoneos;
				SWIFT_COMPILATION_MODE = wholemodule;
				VALIDATE_PRODUCT = YES;
			};
			name = Release;
		};
		08DCA5522EEDDFC400AF8D93 /* Debug */ = {
			isa = XCBuildConfiguration;
			buildSettings = {
				ASSETCATALOG_COMPILER_APPICON_NAME = AppIcon;
				ASSETCATALOG_COMPILER_GLOBAL_ACCENT_COLOR_NAME = AccentColor;
				CODE_SIGN_STYLE = Automatic;
				CURRENT_PROJECT_VERSION = 1;
				DEVELOPMENT_TEAM = YCW4KLKS5C;
				ENABLE_PREVIEWS = YES;
				GENERATE_INFOPLIST_FILE = YES;
				INFOPLIST_FILE = qlone/Info.plist;
				INFOPLIST_KEY_LSApplicationCategoryType = "";
				INFOPLIST_KEY_NSCameraUsageDescription = "We use the camera to capture 3D dental facial scans for treatment planning.";
				INFOPLIST_KEY_UIApplicationSceneManifest_Generation = YES;
				INFOPLIST_KEY_UIApplicationSupportsIndirectInputEvents = YES;
				INFOPLIST_KEY_UILaunchScreen_Generation = YES;
				INFOPLIST_KEY_UIStatusBarStyle = "";
				INFOPLIST_KEY_UISupportedInterfaceOrientations_iPad = "UIInterfaceOrientationPortrait UIInterfaceOrientationPortraitUpsideDown UIInterfaceOrientationLandscapeLeft UIInterfaceOrientationLandscapeRight";
				INFOPLIST_KEY_UISupportedInterfaceOrientations_iPhone = "UIInterfaceOrientationPortrait UIInterfaceOrientationLandscapeLeft UIInterfaceOrientationLandscapeRight";
				IPHONEOS_DEPLOYMENT_TARGET = 26.0;
				LD_RUNPATH_SEARCH_PATHS = (
					"$(inherited)",
					"@executable_path/Frameworks",
				);
				MARKETING_VERSION = 1.0;
				PRODUCT_BUNDLE_IDENTIFIER = "uos-scanner-app.qlone";
				PRODUCT_NAME = "$(TARGET_NAME)";
				STRING_CATALOG_GENERATE_SYMBOLS = YES;
				SWIFT_APPROACHABLE_CONCURRENCY = YES;
				SWIFT_DEFAULT_ACTOR_ISOLATION = MainActor;
				SWIFT_EMIT_LOC_STRINGS = YES;
				SWIFT_UPCOMING_FEATURE_MEMBER_IMPORT_VISIBILITY = YES;
				SWIFT_VERSION = 5.0;
				TARGETED_DEVICE_FAMILY = "1,2";
			};
			name = Debug;
		};
		08DCA5532EEDDFC400AF8D93 /* Release */ = {
			isa = XCBuildConfiguration;
			buildSettings = {
				ASSETCATALOG_COMPILER_APPICON_NAME = AppIcon;
				ASSETCATALOG_COMPILER_GLOBAL_ACCENT_COLOR_NAME = AccentColor;
				CODE_SIGN_STYLE = Automatic;
				CURRENT_PROJECT_VERSION = 1;
				DEVELOPMENT_TEAM = YCW4KLKS5C;
				ENABLE_PREVIEWS = YES;
				GENERATE_INFOPLIST_FILE = YES;
				INFOPLIST_FILE = qlone/Info.plist;
				INFOPLIST_KEY_LSApplicationCategoryType = "";
				INFOPLIST_KEY_NSCameraUsageDescription = "We use the camera to capture 3D dental facial scans for treatment planning.";
				INFOPLIST_KEY_UIApplicationSceneManifest_Generation = YES;
				INFOPLIST_KEY_UIApplicationSupportsIndirectInputEvents = YES;
				INFOPLIST_KEY_UILaunchScreen_Generation = YES;
				INFOPLIST_KEY_UIStatusBarStyle = "";
				INFOPLIST_KEY_UISupportedInterfaceOrientations_iPad = "UIInterfaceOrientationPortrait UIInterfaceOrientationPortraitUpsideDown UIInterfaceOrientationLandscapeLeft UIInterfaceOrientationLandscapeRight";
				INFOPLIST_KEY_UISupportedInterfaceOrientations_iPhone = "UIInterfaceOrientationPortrait UIInterfaceOrientationLandscapeLeft UIInterfaceOrientationLandscapeRight";
				IPHONEOS_DEPLOYMENT_TARGET = 26.0;
				LD_RUNPATH_SEARCH_PATHS = (
					"$(inherited)",
					"@executable_path/Frameworks",
				);
				MARKETING_VERSION = 1.0;
				PRODUCT_BUNDLE_IDENTIFIER = "uos-scanner-app.qlone";
				PRODUCT_NAME = "$(TARGET_NAME)";
				STRING_CATALOG_GENERATE_SYMBOLS = YES;
				SWIFT_APPROACHABLE_CONCURRENCY = YES;
				SWIFT_DEFAULT_ACTOR_ISOLATION = MainActor;
				SWIFT_EMIT_LOC_STRINGS = YES;
				SWIFT_UPCOMING_FEATURE_MEMBER_IMPORT_VISIBILITY = YES;
				SWIFT_VERSION = 5.0;
				TARGETED_DEVICE_FAMILY = "1,2";
			};
			name = Release;
		};
		08DCA5552EEDDFC400AF8D93 /* Debug */ = {
			isa = XCBuildConfiguration;
			buildSettings = {
				BUNDLE_LOADER = "$(TEST_HOST)";
				CODE_SIGN_STYLE = Automatic;
				CURRENT_PROJECT_VERSION = 1;
				DEVELOPMENT_TEAM = YCW4KLKS5C;
				GENERATE_INFOPLIST_FILE = YES;
				IPHONEOS_DEPLOYMENT_TARGET = 26.2;
				MARKETING_VERSION = 1.0;
				PRODUCT_BUNDLE_IDENTIFIER = "uos-scanner-app.qloneTests";
				PRODUCT_NAME = "$(TARGET_NAME)";
				STRING_CATALOG_GENERATE_SYMBOLS = NO;
				SWIFT_APPROACHABLE_CONCURRENCY = YES;
				SWIFT_EMIT_LOC_STRINGS = NO;
				SWIFT_UPCOMING_FEATURE_MEMBER_IMPORT_VISIBILITY = YES;
				SWIFT_VERSION = 5.0;
				TARGETED_DEVICE_FAMILY = "1,2";
				TEST_HOST = "$(BUILT_PRODUCTS_DIR)/qlone.app/$(BUNDLE_EXECUTABLE_FOLDER_PATH)/qlone";
			};
			name = Debug;
		};
		08DCA5562EEDDFC400AF8D93 /* Release */ = {
			isa = XCBuildConfiguration;
			buildSettings = {
				BUNDLE_LOADER = "$(TEST_HOST)";
				CODE_SIGN_STYLE = Automatic;
				CURRENT_PROJECT_VERSION = 1;
				DEVELOPMENT_TEAM = YCW4KLKS5C;
				GENERATE_INFOPLIST_FILE = YES;
				IPHONEOS_DEPLOYMENT_TARGET = 26.2;
				MARKETING_VERSION = 1.0;
				PRODUCT_BUNDLE_IDENTIFIER = "uos-scanner-app.qloneTests";
				PRODUCT_NAME = "$(TARGET_NAME)";
				STRING_CATALOG_GENERATE_SYMBOLS = NO;
				SWIFT_APPROACHABLE_CONCURRENCY = YES;
				SWIFT_EMIT_LOC_STRINGS = NO;
				SWIFT_UPCOMING_FEATURE_MEMBER_IMPORT_VISIBILITY = YES;
				SWIFT_VERSION = 5.0;
				TARGETED_DEVICE_FAMILY = "1,2";
				TEST_HOST = "$(BUILT_PRODUCTS_DIR)/qlone.app/$(BUNDLE_EXECUTABLE_FOLDER_PATH)/qlone";
			};
			name = Release;
		};
		08DCA5582EEDDFC400AF8D93 /* Debug */ = {
			isa = XCBuildConfiguration;
			buildSettings = {
				CODE_SIGN_STYLE = Automatic;
				CURRENT_PROJECT_VERSION = 1;
				DEVELOPMENT_TEAM = YCW4KLKS5C;
				GENERATE_INFOPLIST_FILE = YES;
				MARKETING_VERSION = 1.0;
				PRODUCT_BUNDLE_IDENTIFIER = "uos-scanner-app.qloneUITests";
				PRODUCT_NAME = "$(TARGET_NAME)";
				STRING_CATALOG_GENERATE_SYMBOLS = NO;
				SWIFT_APPROACHABLE_CONCURRENCY = YES;
				SWIFT_EMIT_LOC_STRINGS = NO;
				SWIFT_UPCOMING_FEATURE_MEMBER_IMPORT_VISIBILITY = YES;
				SWIFT_VERSION = 5.0;
				TARGETED_DEVICE_FAMILY = "1,2";
				TEST_TARGET_NAME = qlone;
			};
			name = Debug;
		};
		08DCA5592EEDDFC400AF8D93 /* Release */ = {
			isa = XCBuildConfiguration;
			buildSettings = {
				CODE_SIGN_STYLE = Automatic;
				CURRENT_PROJECT_VERSION = 1;
				DEVELOPMENT_TEAM = YCW4KLKS5C;
				GENERATE_INFOPLIST_FILE = YES;
				MARKETING_VERSION = 1.0;
				PRODUCT_BUNDLE_IDENTIFIER = "uos-scanner-app.qloneUITests";
				PRODUCT_NAME = "$(TARGET_NAME)";
				STRING_CATALOG_GENERATE_SYMBOLS = NO;
				SWIFT_APPROACHABLE_CONCURRENCY = YES;
				SWIFT_EMIT_LOC_STRINGS = NO;
				SWIFT_UPCOMING_FEATURE_MEMBER_IMPORT_VISIBILITY = YES;
				SWIFT_VERSION = 5.0;
				TARGETED_DEVICE_FAMILY = "1,2";
				TEST_TARGET_NAME = qlone;
			};
			name = Release;
		};
/* End XCBuildConfiguration section */

/* Begin XCConfigurationList section */
		08DCA5292EEDDFC300AF8D93 /* Build configuration list for PBXProject "qlone" */ = {
			isa = XCConfigurationList;
			buildConfigurations = (
				08DCA54F2EEDDFC400AF8D93 /* Debug */,
				08DCA5502EEDDFC400AF8D93 /* Release */,
			);
			defaultConfigurationIsVisible = 0;
			defaultConfigurationName = Release;
		};
		08DCA5512EEDDFC400AF8D93 /* Build configuration list for PBXNativeTarget "qlone" */ = {
			isa = XCConfigurationList;
			buildConfigurations = (
				08DCA5522EEDDFC400AF8D93 /* Debug */,
				08DCA5532EEDDFC400AF8D93 /* Release */,
			);
			defaultConfigurationIsVisible = 0;
			defaultConfigurationName = Release;
		};
		08DCA5542EEDDFC400AF8D93 /* Build configuration list for PBXNativeTarget "qloneTests" */ = {
			isa = XCConfigurationList;
			buildConfigurations = (
				08DCA5552EEDDFC400AF8D93 /* Debug */,
				08DCA5562EEDDFC400AF8D93 /* Release */,
			);
			defaultConfigurationIsVisible = 0;
			defaultConfigurationName = Release;
		};
		08DCA5572EEDDFC400AF8D93 /* Build configuration list for PBXNativeTarget "qloneUITests" */ = {
			isa = XCConfigurationList;
			buildConfigurations = (
				08DCA5582EEDDFC400AF8D93 /* Debug */,
				08DCA5592EEDDFC400AF8D93 /* Release */,
			);
			defaultConfigurationIsVisible = 0;
			defaultConfigurationName = Release;
		};
/* End XCConfigurationList section */
	};
	rootObject = 08DCA5262EEDDFC300AF8D93 /* Project object */;
}
